
Microsoft Visual Studio Solution File, Format Version 12.00
# Visual Studio 15
VisualStudioVersion = 15.0.27428.2015
MinimumVisualStudioVersion = 10.0.40219.1
Project("{FAE04EC0-301F-11D3-BF4B-00C04F79EFBC}") = "thundercats", "thundercats\thundercats.csproj", "{7C598EAD-98CD-4220-B3FC-0839B5C85A5D}"
EndProject
Project("{FAE04EC0-301F-11D3-BF4B-00C04F79EFBC}") = "Game Engine", "Game Engine\Game Engine.csproj", "{C1CF017E-819C-4EB5-A687-7E9FBEB20894}"
EndProject
Global
	GlobalSection(SolutionConfigurationPlatforms) = preSolution
		Debug|Any CPU = Debug|Any CPU
		Debug|x86 = Debug|x86
		Release|Any CPU = Release|Any CPU
		Release|x86 = Release|x86
	EndGlobalSection
	GlobalSection(ProjectConfigurationPlatforms) = postSolution
		{7C598EAD-98CD-4220-B3FC-0839B5C85A5D}.Debug|Any CPU.ActiveCfg = Debug|x86
		{7C598EAD-98CD-4220-B3FC-0839B5C85A5D}.Debug|x86.ActiveCfg = Debug|x86
		{7C598EAD-98CD-4220-B3FC-0839B5C85A5D}.Debug|x86.Build.0 = Debug|x86
		{7C598EAD-98CD-4220-B3FC-0839B5C85A5D}.Release|Any CPU.ActiveCfg = Release|x86
		{7C598EAD-98CD-4220-B3FC-0839B5C85A5D}.Release|x86.ActiveCfg = Release|x86
		{7C598EAD-98CD-4220-B3FC-0839B5C85A5D}.Release|x86.Build.0 = Release|x86
		{C1CF017E-819C-4EB5-A687-7E9FBEB20894}.Debug|Any CPU.ActiveCfg = Debug|Any CPU
		{C1CF017E-819C-4EB5-A687-7E9FBEB20894}.Debug|Any CPU.Build.0 = Debug|Any CPU
		{C1CF017E-819C-4EB5-A687-7E9FBEB20894}.Debug|x86.ActiveCfg = Debug|Any CPU
		{C1CF017E-819C-4EB5-A687-7E9FBEB20894}.Debug|x86.Build.0 = Debug|Any CPU
		{C1CF017E-819C-4EB5-A687-7E9FBEB20894}.Release|Any CPU.ActiveCfg = Release|Any CPU
		{C1CF017E-819C-4EB5-A687-7E9FBEB20894}.Release|Any CPU.Build.0 = Release|Any CPU
		{C1CF017E-819C-4EB5-A687-7E9FBEB20894}.Release|x86.ActiveCfg = Release|Any CPU
		{C1CF017E-819C-4EB5-A687-7E9FBEB20894}.Release|x86.Build.0 = Release|Any CPU
	EndGlobalSection
	GlobalSection(SolutionProperties) = preSolution
		HideSolutionNode = FALSE
	EndGlobalSection
	GlobalSection(ExtensibilityGlobals) = postSolution
		SolutionGuid = {FF541E14-A862-4403-AE1F-B987BEBFBF4B}
	EndGlobalSection
EndGlobal
